// !$*UTF8*$!
{
	archiveVersion = 1;
	classes = {
	};
	objectVersion = 46;
	objects = {

/* Begin PBXBuildFile section */
		A4A2B3071E6F9CBB00CAD284 /* main.m in Sources */ = {isa = PBXBuildFile; fileRef = A4A2B3061E6F9CBB00CAD284 /* main.m */; };
		A4A2B30A1E6F9CBB00CAD284 /* AppDelegate.m in Sources */ = {isa = PBXBuildFile; fileRef = A4A2B3091E6F9CBB00CAD284 /* AppDelegate.m */; };
		A4A2B30D1E6F9CBB00CAD284 /* ViewController.m in Sources */ = {isa = PBXBuildFile; fileRef = A4A2B30C1E6F9CBB00CAD284 /* ViewController.m */; };
		A4A2B3101E6F9CBB00CAD284 /* Main.storyboard in Resources */ = {isa = PBXBuildFile; fileRef = A4A2B30E1E6F9CBB00CAD284 /* Main.storyboard */; };
		A4A2B3121E6F9CBB00CAD284 /* Assets.xcassets in Resources */ = {isa = PBXBuildFile; fileRef = A4A2B3111E6F9CBB00CAD284 /* Assets.xcassets */; };
		A4A2B3151E6F9CBB00CAD284 /* LaunchScreen.storyboard in Resources */ = {isa = PBXBuildFile; fileRef = A4A2B3131E6F9CBB00CAD284 /* LaunchScreen.storyboard */; };
		A4A2B3201E6F9CBB00CAD284 /* CADisplayLinkTestTests.m in Sources */ = {isa = PBXBuildFile; fileRef = A4A2B31F1E6F9CBB00CAD284 /* CADisplayLinkTestTests.m */; };
		A4A2B32B1E6F9CBB00CAD284 /* CADisplayLinkTestUITests.m in Sources */ = {isa = PBXBuildFile; fileRef = A4A2B32A1E6F9CBB00CAD284 /* CADisplayLinkTestUITests.m */; };
		A4A2B33B1E6FAEE100CAD284 /* 1.jpg in Resources */ = {isa = PBXBuildFile; fileRef = A4A2B3381E6FAEE100CAD284 /* 1.jpg */; };
		A4A2B33C1E6FAEE100CAD284 /* 2.jpg in Resources */ = {isa = PBXBuildFile; fileRef = A4A2B3391E6FAEE100CAD284 /* 2.jpg */; };
		A4A2B33D1E6FAEE100CAD284 /* 3.jpg in Resources */ = {isa = PBXBuildFile; fileRef = A4A2B33A1E6FAEE100CAD284 /* 3.jpg */; };
/* End PBXBuildFile section */

/* Begin PBXContainerItemProxy section */
		A4A2B31C1E6F9CBB00CAD284 /* PBXContainerItemProxy */ = {
			isa = PBXContainerItemProxy;
			containerPortal = A4A2B2FA1E6F9CBB00CAD284 /* Project object */;
			proxyType = 1;
			remoteGlobalIDString = A4A2B3011E6F9CBB00CAD284;
			remoteInfo = CADisplayLinkTest;
		};
		A4A2B3271E6F9CBB00CAD284 /* PBXContainerItemProxy */ = {
			isa = PBXContainerItemProxy;
			containerPortal = A4A2B2FA1E6F9CBB00CAD284 /* Project object */;
			proxyType = 1;
			remoteGlobalIDString = A4A2B3011E6F9CBB00CAD284;
			remoteInfo = CADisplayLinkTest;
		};
/* End PBXContainerItemProxy section */

/* Begin PBXFileReference section */
		A4A2B3021E6F9CBB00CAD284 /* CADisplayLinkTest.app */ = {isa = PBXFileReference; explicitFileType = wrapper.application; includeInIndex = 0; path = CADisplayLinkTest.app; sourceTree = BUILT_PRODUCTS_DIR; };
		A4A2B3061E6F9CBB00CAD284 /* main.m */ = {isa = PBXFileReference; lastKnownFileType = sourcecode.c.objc; path = main.m; sourceTree = "<group>"; };
		A4A2B3081E6F9CBB00CAD284 /* AppDelegate.h */ = {isa = PBXFileReference; lastKnownFileType = sourcecode.c.h; path = AppDelegate.h; sourceTree = "<group>"; };
		A4A2B3091E6F9CBB00CAD284 /* AppDelegate.m */ = {isa = PBXFileReference; lastKnownFileType = sourcecode.c.objc; path = AppDelegate.m; sourceTree = "<group>"; };
		A4A2B30B1E6F9CBB00CAD284 /* ViewController.h */ = {isa = PBXFileReference; lastKnownFileType = sourcecode.c.h; path = ViewController.h; sourceTree = "<group>"; };
		A4A2B30C1E6F9CBB00CAD284 /* ViewController.m */ = {isa = PBXFileReference; lastKnownFileType = sourcecode.c.objc; path = ViewController.m; sourceTree = "<group>"; };
		A4A2B30F1E6F9CBB00CAD284 /* Base */ = {isa = PBXFileReference; lastKnownFileType = file.storyboard; name = Base; path = Base.lproj/Main.storyboard; sourceTree = "<group>"; };
		A4A2B3111E6F9CBB00CAD284 /* Assets.xcassets */ = {isa = PBXFileReference; lastKnownFileType = folder.assetcatalog; path = Assets.xcassets; sourceTree = "<group>"; };
		A4A2B3141E6F9CBB00CAD284 /* Base */ = {isa = PBXFileReference; lastKnownFileType = file.storyboard; name = Base; path = Base.lproj/LaunchScreen.storyboard; sourceTree = "<group>"; };
		A4A2B3161E6F9CBB00CAD284 /* Info.plist */ = {isa = PBXFileReference; lastKnownFileType = text.plist.xml; path = Info.plist; sourceTree = "<group>"; };
		A4A2B31B1E6F9CBB00CAD284 /* CADisplayLinkTestTests.xctest */ = {isa = PBXFileReference; explicitFileType = wrapper.cfbundle; includeInIndex = 0; path = CADisplayLinkTestTests.xctest; sourceTree = BUILT_PRODUCTS_DIR; };
		A4A2B31F1E6F9CBB00CAD284 /* CADisplayLinkTestTests.m */ = {isa = PBXFileReference; lastKnownFileType = sourcecode.c.objc; path = CADisplayLinkTestTests.m; sourceTree = "<group>"; };
		A4A2B3211E6F9CBB00CAD284 /* Info.plist */ = {isa = PBXFileReference; lastKnownFileType = text.plist.xml; path = Info.plist; sourceTree = "<group>"; };
		A4A2B3261E6F9CBB00CAD284 /* CADisplayLinkTestUITests.xctest */ = {isa = PBXFileReference; explicitFileType = wrapper.cfbundle; includeInIndex = 0; path = CADisplayLinkTestUITests.xctest; sourceTree = BUILT_PRODUCTS_DIR; };
		A4A2B32A1E6F9CBB00CAD284 /* CADisplayLinkTestUITests.m */ = {isa = PBXFileReference; lastKnownFileType = sourcecode.c.objc; path = CADisplayLinkTestUITests.m; sourceTree = "<group>"; };
		A4A2B32C1E6F9CBB00CAD284 /* Info.plist */ = {isa = PBXFileReference; lastKnownFileType = text.plist.xml; path = Info.plist; sourceTree = "<group>"; };
		A4A2B3381E6FAEE100CAD284 /* 1.jpg */ = {isa = PBXFileReference; lastKnownFileType = image.jpeg; path = 1.jpg; sourceTree = "<group>"; };
		A4A2B3391E6FAEE100CAD284 /* 2.jpg */ = {isa = PBXFileReference; lastKnownFileType = image.jpeg; path = 2.jpg; sourceTree = "<group>"; };
		A4A2B33A1E6FAEE100CAD284 /* 3.jpg */ = {isa = PBXFileReference; lastKnownFileType = image.jpeg; path = 3.jpg; sourceTree = "<group>"; };
/* End PBXFileReference section */

/* Begin PBXFrameworksBuildPhase section */
		A4A2B2FF1E6F9CBB00CAD284 /* Frameworks */ = {
			isa = PBXFrameworksBuildPhase;
			buildActionMask = 2147483647;
			files = (
			);
			runOnlyForDeploymentPostprocessing = 0;
		};
		A4A2B3181E6F9CBB00CAD284 /* Frameworks */ = {
			isa = PBXFrameworksBuildPhase;
			buildActionMask = 2147483647;
			files = (
			);
			runOnlyForDeploymentPostprocessing = 0;
		};
		A4A2B3231E6F9CBB00CAD284 /* Frameworks */ = {
			isa = PBXFrameworksBuildPhase;
			buildActionMask = 2147483647;
			files = (
			);
			runOnlyForDeploymentPostprocessing = 0;
		};
/* End PBXFrameworksBuildPhase section */

/* Begin PBXGroup section */
		A4A2B2F91E6F9CBB00CAD284 = {
			isa = PBXGroup;
			children = (
				A4A2B3041E6F9CBB00CAD284 /* CADisplayLinkTest */,
				A4A2B31E1E6F9CBB00CAD284 /* CADisplayLinkTestTests */,
				A4A2B3291E6F9CBB00CAD284 /* CADisplayLinkTestUITests */,
				A4A2B3031E6F9CBB00CAD284 /* Products */,
			);
			sourceTree = "<group>";
		};
		A4A2B3031E6F9CBB00CAD284 /* Products */ = {
			isa = PBXGroup;
			children = (
				A4A2B3021E6F9CBB00CAD284 /* CADisplayLinkTest.app */,
				A4A2B31B1E6F9CBB00CAD284 /* CADisplayLinkTestTests.xctest */,
				A4A2B3261E6F9CBB00CAD284 /* CADisplayLinkTestUITests.xctest */,
			);
			name = Products;
			sourceTree = "<group>";
		};
		A4A2B3041E6F9CBB00CAD284 /* CADisplayLinkTest */ = {
			isa = PBXGroup;
			children = (
				A4A2B3081E6F9CBB00CAD284 /* AppDelegate.h */,
				A4A2B3091E6F9CBB00CAD284 /* AppDelegate.m */,
				A4A2B30B1E6F9CBB00CAD284 /* ViewController.h */,
				A4A2B30C1E6F9CBB00CAD284 /* ViewController.m */,
				A4A2B3381E6FAEE100CAD284 /* 1.jpg */,
				A4A2B3391E6FAEE100CAD284 /* 2.jpg */,
				A4A2B33A1E6FAEE100CAD284 /* 3.jpg */,
				A4A2B30E1E6F9CBB00CAD284 /* Main.storyboard */,
				A4A2B3111E6F9CBB00CAD284 /* Assets.xcassets */,
				A4A2B3131E6F9CBB00CAD284 /* LaunchScreen.storyboard */,
				A4A2B3161E6F9CBB00CAD284 /* Info.plist */,
				A4A2B3051E6F9CBB00CAD284 /* Supporting Files */,
			);
			path = CADisplayLinkTest;
			sourceTree = "<group>";
		};
		A4A2B3051E6F9CBB00CAD284 /* Supporting Files */ = {
			isa = PBXGroup;
			children = (
				A4A2B3061E6F9CBB00CAD284 /* main.m */,
			);
			name = "Supporting Files";
			sourceTree = "<group>";
		};
		A4A2B31E1E6F9CBB00CAD284 /* CADisplayLinkTestTests */ = {
			isa = PBXGroup;
			children = (
				A4A2B31F1E6F9CBB00CAD284 /* CADisplayLinkTestTests.m */,
				A4A2B3211E6F9CBB00CAD284 /* Info.plist */,
			);
			path = CADisplayLinkTestTests;
			sourceTree = "<group>";
		};
		A4A2B3291E6F9CBB00CAD284 /* CADisplayLinkTestUITests */ = {
			isa = PBXGroup;
			children = (
				A4A2B32A1E6F9CBB00CAD284 /* CADisplayLinkTestUITests.m */,
				A4A2B32C1E6F9CBB00CAD284 /* Info.plist */,
			);
			path = CADisplayLinkTestUITests;
			sourceTree = "<group>";
		};
/* End PBXGroup section */

/* Begin PBXNativeTarget section */
		A4A2B3011E6F9CBB00CAD284 /* CADisplayLinkTest */ = {
			isa = PBXNativeTarget;
			buildConfigurationList = A4A2B32F1E6F9CBB00CAD284 /* Build configuration list for PBXNativeTarget "CADisplayLinkTest" */;
			buildPhases = (
				A4A2B2FE1E6F9CBB00CAD284 /* Sources */,
				A4A2B2FF1E6F9CBB00CAD284 /* Frameworks */,
				A4A2B3001E6F9CBB00CAD284 /* Resources */,
			);
			buildRules = (
			);
			dependencies = (
			);
			name = CADisplayLinkTest;
			productName = CADisplayLinkTest;
			productReference = A4A2B3021E6F9CBB00CAD284 /* CADisplayLinkTest.app */;
			productType = "com.apple.product-type.application";
		};
		A4A2B31A1E6F9CBB00CAD284 /* CADisplayLinkTestTests */ = {
			isa = PBXNativeTarget;
			buildConfigurationList = A4A2B3321E6F9CBB00CAD284 /* Build configuration list for PBXNativeTarget "CADisplayLinkTestTests" */;
			buildPhases = (
				A4A2B3171E6F9CBB00CAD284 /* Sources */,
				A4A2B3181E6F9CBB00CAD284 /* Frameworks */,
				A4A2B3191E6F9CBB00CAD284 /* Resources */,
			);
			buildRules = (
			);
			dependencies = (
				A4A2B31D1E6F9CBB00CAD284 /* PBXTargetDependency */,
			);
			name = CADisplayLinkTestTests;
			productName = CADisplayLinkTestTests;
			productReference = A4A2B31B1E6F9CBB00CAD284 /* CADisplayLinkTestTests.xctest */;
			productType = "com.apple.product-type.bundle.unit-test";
		};
		A4A2B3251E6F9CBB00CAD284 /* CADisplayLinkTestUITests */ = {
			isa = PBXNativeTarget;
			buildConfigurationList = A4A2B3351E6F9CBB00CAD284 /* Build configuration list for PBXNativeTarget "CADisplayLinkTestUITests" */;
			buildPhases = (
				A4A2B3221E6F9CBB00CAD284 /* Sources */,
				A4A2B3231E6F9CBB00CAD284 /* Frameworks */,
				A4A2B3241E6F9CBB00CAD284 /* Resources */,
			);
			buildRules = (
			);
			dependencies = (
				A4A2B3281E6F9CBB00CAD284 /* PBXTargetDependency */,
			);
			name = CADisplayLinkTestUITests;
			productName = CADisplayLinkTestUITests;
			productReference = A4A2B3261E6F9CBB00CAD284 /* CADisplayLinkTestUITests.xctest */;
			productType = "com.apple.product-type.bundle.ui-testing";
		};
/* End PBXNativeTarget section */

/* Begin PBXProject section */
		A4A2B2FA1E6F9CBB00CAD284 /* Project object */ = {
			isa = PBXProject;
			attributes = {
				LastUpgradeCheck = 0820;
				ORGANIZATIONNAME = "韩扬";
				TargetAttributes = {
					A4A2B3011E6F9CBB00CAD284 = {
						CreatedOnToolsVersion = 8.2.1;
						DevelopmentTeam = 7A29GX6D45;
						ProvisioningStyle = Automatic;
					};
					A4A2B31A1E6F9CBB00CAD284 = {
						CreatedOnToolsVersion = 8.2.1;
						DevelopmentTeam = 7A29GX6D45;
						ProvisioningStyle = Automatic;
						TestTargetID = A4A2B3011E6F9CBB00CAD284;
					};
					A4A2B3251E6F9CBB00CAD284 = {
						CreatedOnToolsVersion = 8.2.1;
						DevelopmentTeam = 7A29GX6D45;
						ProvisioningStyle = Automatic;
						TestTargetID = A4A2B3011E6F9CBB00CAD284;
					};
				};
			};
			buildConfigurationList = A4A2B2FD1E6F9CBB00CAD284 /* Build configuration list for PBXProject "CADisplayLinkTest" */;
			compatibilityVersion = "Xcode 3.2";
			developmentRegion = English;
			hasScannedForEncodings = 0;
			knownRegions = (
				en,
				Base,
			);
			mainGroup = A4A2B2F91E6F9CBB00CAD284;
			productRefGroup = A4A2B3031E6F9CBB00CAD284 /* Products */;
			projectDirPath = "";
			projectRoot = "";
			targets = (
				A4A2B3011E6F9CBB00CAD284 /* CADisplayLinkTest */,
				A4A2B31A1E6F9CBB00CAD284 /* CADisplayLinkTestTests */,
				A4A2B3251E6F9CBB00CAD284 /* CADisplayLinkTestUITests */,
			);
		};
/* End PBXProject section */

/* Begin PBXResourcesBuildPhase section */
		A4A2B3001E6F9CBB00CAD284 /* Resources */ = {
			isa = PBXResourcesBuildPhase;
			buildActionMask = 2147483647;
			files = (
				A4A2B33D1E6FAEE100CAD284 /* 3.jpg in Resources */,
				A4A2B3151E6F9CBB00CAD284 /* LaunchScreen.storyboard in Resources */,
				A4A2B33B1E6FAEE100CAD284 /* 1.jpg in Resources */,
				A4A2B33C1E6FAEE100CAD284 /* 2.jpg in Resources */,
				A4A2B3121E6F9CBB00CAD284 /* Assets.xcassets in Resources */,
				A4A2B3101E6F9CBB00CAD284 /* Main.storyboard in Resources */,
			);
			runOnlyForDeploymentPostprocessing = 0;
		};
		A4A2B3191E6F9CBB00CAD284 /* Resources */ = {
			isa = PBXResourcesBuildPhase;
			buildActionMask = 2147483647;
			files = (
			);
			runOnlyForDeploymentPostprocessing = 0;
		};
		A4A2B3241E6F9CBB00CAD284 /* Resources */ = {
			isa = PBXResourcesBuildPhase;
			buildActionMask = 2147483647;
			files = (
			);
			runOnlyForDeploymentPostprocessing = 0;
		};
/* End PBXResourcesBuildPhase section */

/* Begin PBXSourcesBuildPhase section */
		A4A2B2FE1E6F9CBB00CAD284 /* Sources */ = {
			isa = PBXSourcesBuildPhase;
			buildActionMask = 2147483647;
			files = (
				A4A2B30D1E6F9CBB00CAD284 /* ViewController.m in Sources */,
				A4A2B30A1E6F9CBB00CAD284 /* AppDelegate.m in Sources */,
				A4A2B3071E6F9CBB00CAD284 /* main.m in Sources */,
			);
			runOnlyForDeploymentPostprocessing = 0;
		};
		A4A2B3171E6F9CBB00CAD284 /* Sources */ = {
			isa = PBXSourcesBuildPhase;
			buildActionMask = 2147483647;
			files = (
				A4A2B3201E6F9CBB00CAD284 /* CADisplayLinkTestTests.m in Sources */,
			);
			runOnlyForDeploymentPostprocessing = 0;
		};
		A4A2B3221E6F9CBB00CAD284 /* Sources */ = {
			isa = PBXSourcesBuildPhase;
			buildActionMask = 2147483647;
			files = (
				A4A2B32B1E6F9CBB00CAD284 /* CADisplayLinkTestUITests.m in Sources */,
			);
			runOnlyForDeploymentPostprocessing = 0;
		};
/* End PBXSourcesBuildPhase section */

/* Begin PBXTargetDependency section */
		A4A2B31D1E6F9CBB00CAD284 /* PBXTargetDependency */ = {
			isa = PBXTargetDependency;
			target = A4A2B3011E6F9CBB00CAD284 /* CADisplayLinkTest */;
			targetProxy = A4A2B31C1E6F9CBB00CAD284 /* PBXContainerItemProxy */;
		};
		A4A2B3281E6F9CBB00CAD284 /* PBXTargetDependency */ = {
			isa = PBXTargetDependency;
			target = A4A2B3011E6F9CBB00CAD284 /* CADisplayLinkTest */;
			targetProxy = A4A2B3271E6F9CBB00CAD284 /* PBXContainerItemProxy */;
		};
/* End PBXTargetDependency section */

/* Begin PBXVariantGroup section */
		A4A2B30E1E6F9CBB00CAD284 /* Main.storyboard */ = {
			isa = PBXVariantGroup;
			children = (
				A4A2B30F1E6F9CBB00CAD284 /* Base */,
			);
			name = Main.storyboard;
			sourceTree = "<group>";
		};
		A4A2B3131E6F9CBB00CAD284 /* LaunchScreen.storyboard */ = {
			isa = PBXVariantGroup;
			children = (
				A4A2B3141E6F9CBB00CAD284 /* Base */,
			);
			name = LaunchScreen.storyboard;
			sourceTree = "<group>";
		};
/* End PBXVariantGroup section */

/* Begin XCBuildConfiguration section */
		A4A2B32D1E6F9CBB00CAD284 /* Debug */ = {
			isa = XCBuildConfiguration;
			buildSettings = {
				ALWAYS_SEARCH_USER_PATHS = NO;
				CLANG_ANALYZER_NONNULL = YES;
				CLANG_CXX_LANGUAGE_STANDARD = "gnu++0x";
				CLANG_CXX_LIBRARY = "libc++";
				CLANG_ENABLE_MODULES = YES;
				CLANG_ENABLE_OBJC_ARC = YES;
				CLANG_WARN_BOOL_CONVERSION = YES;
				CLANG_WARN_CONSTANT_CONVERSION = YES;
				CLANG_WARN_DIRECT_OBJC_ISA_USAGE = YES_ERROR;
				CLANG_WARN_DOCUMENTATION_COMMENTS = YES;
				CLANG_WARN_EMPTY_BODY = YES;
				CLANG_WARN_ENUM_CONVERSION = YES;
				CLANG_WARN_INFINITE_RECURSION = YES;
				CLANG_WARN_INT_CONVERSION = YES;
				CLANG_WARN_OBJC_ROOT_CLASS = YES_ERROR;
				CLANG_WARN_SUSPICIOUS_MOVE = YES;
				CLANG_WARN_UNREACHABLE_CODE = YES;
				CLANG_WARN__DUPLICATE_METHOD_MATCH = YES;
				"CODE_SIGN_IDENTITY[sdk=iphoneos*]" = "iPhone Developer";
				COPY_PHASE_STRIP = NO;
				DEBUG_INFORMATION_FORMAT = dwarf;
				ENABLE_STRICT_OBJC_MSGSEND = YES;
				ENABLE_TESTABILITY = YES;
				GCC_C_LANGUAGE_STANDARD = gnu99;
				GCC_DYNAMIC_NO_PIC = NO;
				GCC_NO_COMMON_BLOCKS = YES;
				GCC_OPTIMIZATION_LEVEL = 0;
				GCC_PREPROCESSOR_DEFINITIONS = (
					"DEBUG=1",
					"$(inherited)",
				);
				GCC_WARN_64_TO_32_BIT_CONVERSION = YES;
				GCC_WARN_ABOUT_RETURN_TYPE = YES_ERROR;
				GCC_WARN_UNDECLARED_SELECTOR = YES;
				GCC_WARN_UNINITIALIZED_AUTOS = YES_AGGRESSIVE;
				GCC_WARN_UNUSED_FUNCTION = YES;
				GCC_WARN_UNUSED_VARIABLE = YES;
				IPHONEOS_DEPLOYMENT_TARGET = 10.2;
				MTL_ENABLE_DEBUG_INFO = YES;
				ONLY_ACTIVE_ARCH = YES;
				SDKROOT = iphoneos;
			};
			name = Debug;
		};
		A4A2B32E1E6F9CBB00CAD284 /* Release */ = {
			isa = XCBuildConfiguration;
			buildSettings = {
				ALWAYS_SEARCH_USER_PATHS = NO;
				CLANG_ANALYZER_NONNULL = YES;
				CLANG_CXX_LANGUAGE_STANDARD = "gnu++0x";
				CLANG_CXX_LIBRARY = "libc++";
				CLANG_ENABLE_MODULES = YES;
				CLANG_ENABLE_OBJC_ARC = YES;
				CLANG_WARN_BOOL_CONVERSION = YES;
				CLANG_WARN_CONSTANT_CONVERSION = YES;
				CLANG_WARN_DIRECT_OBJC_ISA_USAGE = YES_ERROR;
				CLANG_WARN_DOCUMENTATION_COMMENTS = YES;
				CLANG_WARN_EMPTY_BODY = YES;
				CLANG_WARN_ENUM_CONVERSION = YES;
				CLANG_WARN_INFINITE_RECURSION = YES;
				CLANG_WARN_INT_CONVERSION = YES;
				CLANG_WARN_OBJC_ROOT_CLASS = YES_ERROR;
				CLANG_WARN_SUSPICIOUS_MOVE = YES;
				CLANG_WARN_UNREACHABLE_CODE = YES;
				CLANG_WARN__DUPLICATE_METHOD_MATCH = YES;
				"CODE_SIGN_IDENTITY[sdk=iphoneos*]" = "iPhone Developer";
				COPY_PHASE_STRIP = NO;
				DEBUG_INFORMATION_FORMAT = "dwarf-with-dsym";
				ENABLE_NS_ASSERTIONS = NO;
				ENABLE_STRICT_OBJC_MSGSEND = YES;
				GCC_C_LANGUAGE_STANDARD = gnu99;
				GCC_NO_COMMON_BLOCKS = YES;
				GCC_WARN_64_TO_32_BIT_CONVERSION = YES;
				GCC_WARN_ABOUT_RETURN_TYPE = YES_ERROR;
				GCC_WARN_UNDECLARED_SELECTOR = YES;
				GCC_WARN_UNINITIALIZED_AUTOS = YES_AGGRESSIVE;
				GCC_WARN_UNUSED_FUNCTION = YES;
				GCC_WARN_UNUSED_VARIABLE = YES;
				IPHONEOS_DEPLOYMENT_TARGET = 10.2;
				MTL_ENABLE_DEBUG_INFO = NO;
				SDKROOT = iphoneos;
				VALIDATE_PRODUCT = YES;
			};
			name = Release;
		};
		A4A2B3301E6F9CBB00CAD284 /* Debug */ = {
			isa = XCBuildConfiguration;
			buildSettings = {
				ASSETCATALOG_COMPILER_APPICON_NAME = AppIcon;
				DEVELOPMENT_TEAM = 7A29GX6D45;
				INFOPLIST_FILE = CADisplayLinkTest/Info.plist;
				LD_RUNPATH_SEARCH_PATHS = "$(inherited) @executable_path/Frameworks";
				PRODUCT_BUNDLE_IDENTIFIER = com.HY.CADisplayLinkTest;
				PRODUCT_NAME = "$(TARGET_NAME)";
			};
			name = Debug;
		};
		A4A2B3311E6F9CBB00CAD284 /* Release */ = {
			isa = XCBuildConfiguration;
			buildSettings = {
				ASSETCATALOG_COMPILER_APPICON_NAME = AppIcon;
				DEVELOPMENT_TEAM = 7A29GX6D45;
				INFOPLIST_FILE = CADisplayLinkTest/Info.plist;
				LD_RUNPATH_SEARCH_PATHS = "$(inherited) @executable_path/Frameworks";
				PRODUCT_BUNDLE_IDENTIFIER = com.HY.CADisplayLinkTest;
				PRODUCT_NAME = "$(TARGET_NAME)";
			};
			name = Release;
		};
		A4A2B3331E6F9CBB00CAD284 /* Debug */ = {
			isa = XCBuildConfiguration;
			buildSettings = {
				BUNDLE_LOADER = "$(TEST_HOST)";
				DEVELOPMENT_TEAM = 7A29GX6D45;
				INFOPLIST_FILE = CADisplayLinkTestTests/Info.plist;
				LD_RUNPATH_SEARCH_PATHS = "$(inherited) @executable_path/Frameworks @loader_path/Frameworks";
				PRODUCT_BUNDLE_IDENTIFIER = com.HY.CADisplayLinkTestTests;
				PRODUCT_NAME = "$(TARGET_NAME)";
				TEST_HOST = "$(BUILT_PRODUCTS_DIR)/CADisplayLinkTest.app/CADisplayLinkTest";
			};
			name = Debug;
		};
		A4A2B3341E6F9CBB00CAD284 /* Release */ = {
			isa = XCBuildConfiguration;
			buildSettings = {
				BUNDLE_LOADER = "$(TEST_HOST)";
				DEVELOPMENT_TEAM = 7A29GX6D45;
				INFOPLIST_FILE = CADisplayLinkTestTests/Info.plist;
				LD_RUNPATH_SEARCH_PATHS = "$(inherited) @executable_path/Frameworks @loader_path/Frameworks";
				PRODUCT_BUNDLE_IDENTIFIER = com.HY.CADisplayLinkTestTests;
				PRODUCT_NAME = "$(TARGET_NAME)";
				TEST_HOST = "$(BUILT_PRODUCTS_DIR)/CADisplayLinkTest.app/CADisplayLinkTest";
			};
			name = Release;
		};
		A4A2B3361E6F9CBB00CAD284 /* Debug */ = {
			isa = XCBuildConfiguration;
			buildSettings = {
				DEVELOPMENT_TEAM = 7A29GX6D45;
				INFOPLIST_FILE = CADisplayLinkTestUITests/Info.plist;
				LD_RUNPATH_SEARCH_PATHS = "$(inherited) @executable_path/Frameworks @loader_path/Frameworks";
				PRODUCT_BUNDLE_IDENTIFIER = com.HY.CADisplayLinkTestUITests;
				PRODUCT_NAME = "$(TARGET_NAME)";
				TEST_TARGET_NAME = CADisplayLinkTest;
			};
			name = Debug;
		};
		A4A2B3371E6F9CBB00CAD284 /* Release */ = {
			isa = XCBuildConfiguration;
			buildSettings = {
				DEVELOPMENT_TEAM = 7A29GX6D45;
				INFOPLIST_FILE = CADisplayLinkTestUITests/Info.plist;
				LD_RUNPATH_SEARCH_PATHS = "$(inherited) @executable_path/Frameworks @loader_path/Frameworks";
				PRODUCT_BUNDLE_IDENTIFIER = com.HY.CADisplayLinkTestUITests;
				PRODUCT_NAME = "$(TARGET_NAME)";
				TEST_TARGET_NAME = CADisplayLinkTest;
			};
			name = Release;
		};
/* End XCBuildConfiguration section */

/* Begin XCConfigurationList section */
		A4A2B2FD1E6F9CBB00CAD284 /* Build configuration list for PBXProject "CADisplayLinkTest" */ = {
			isa = XCConfigurationList;
			buildConfigurations = (
				A4A2B32D1E6F9CBB00CAD284 /* Debug */,
				A4A2B32E1E6F9CBB00CAD284 /* Release */,
			);
			defaultConfigurationIsVisible = 0;
			defaultConfigurationName = Release;
		};
		A4A2B32F1E6F9CBB00CAD284 /* Build configuration list for PBXNativeTarget "CADisplayLinkTest" */ = {
			isa = XCConfigurationList;
			buildConfigurations = (
				A4A2B3301E6F9CBB00CAD284 /* Debug */,
				A4A2B3311E6F9CBB00CAD284 /* Release */,
			);
			defaultConfigurationIsVisible = 0;
		};
		A4A2B3321E6F9CBB00CAD284 /* Build configuration list for PBXNativeTarget "CADisplayLinkTestTests" */ = {
			isa = XCConfigurationList;
			buildConfigurations = (
				A4A2B3331E6F9CBB00CAD284 /* Debug */,
				A4A2B3341E6F9CBB00CAD284 /* Release */,
			);
			defaultConfigurationIsVisible = 0;
		};
		A4A2B3351E6F9CBB00CAD284 /* Build configuration list for PBXNativeTarget "CADisplayLinkTestUITests" */ = {
			isa = XCConfigurationList;
			buildConfigurations = (
				A4A2B3361E6F9CBB00CAD284 /* Debug */,
				A4A2B3371E6F9CBB00CAD284 /* Release */,
			);
			defaultConfigurationIsVisible = 0;
		};
/* End XCConfigurationList section */
	};
	rootObject = A4A2B2FA1E6F9CBB00CAD284 /* Project object */;
}
